
Microsoft Visual Studio Solution File, Format Version 12.00
# Visual Studio 14
VisualStudioVersion = 14.0.25420.1
MinimumVisualStudioVersion = 10.0.40219.1
Project("{FAE04EC0-301F-11D3-BF4B-00C04F79EFBC}") = "Test", "Test\Test.csproj", "{A90FFE0C-73F5-4071-A5FB-8818CA95F880}"
EndProject
Project("{FAE04EC0-301F-11D3-BF4B-00C04F79EFBC}") = "Client", "Client\Client.csproj", "{8304A9D0-A81F-4122-B3E1-2261B303F3B2}"
EndProject
Global
	GlobalSection(SolutionConfigurationPlatforms) = preSolution
		Debug|Any CPU = Debug|Any CPU
		Release|Any CPU = Release|Any CPU
	EndGlobalSection
	GlobalSection(ProjectConfigurationPlatforms) = postSolution
		{A90FFE0C-73F5-4071-A5FB-8818CA95F880}.Debug|Any CPU.ActiveCfg = Debug|Any CPU
		{A90FFE0C-73F5-4071-A5FB-8818CA95F880}.Debug|Any CPU.Build.0 = Debug|Any CPU
		{A90FFE0C-73F5-4071-A5FB-8818CA95F880}.Release|Any CPU.ActiveCfg = Release|Any CPU
		{A90FFE0C-73F5-4071-A5FB-8818CA95F880}.Release|Any CPU.Build.0 = Release|Any CPU
		{8304A9D0-A81F-4122-B3E1-2261B303F3B2}.Debug|Any CPU.ActiveCfg = Debug|Any CPU
		{8304A9D0-A81F-4122-B3E1-2261B303F3B2}.Debug|Any CPU.Build.0 = Debug|Any CPU
		{8304A9D0-A81F-4122-B3E1-2261B303F3B2}.Release|Any CPU.ActiveCfg = Release|Any CPU
		{8304A9D0-A81F-4122-B3E1-2261B303F3B2}.Release|Any CPU.Build.0 = Release|Any CPU
	EndGlobalSection
	GlobalSection(SolutionProperties) = preSolution
		HideSolutionNode = FALSE
	EndGlobalSection
EndGlobal
